# This file is automatically @generated by Cargo.
# It is not intended for manual editing.
version = 4

[[package]]
name = "even-fibonacci"
version = "0.1.0"

[[package]]
name = "largest-palindrome-product"
version = "0.1.0"

[[package]]
name = "largest-prime-factor"
version = "0.1.0"

[[package]]
name = "largest-product-in-a-series"
version = "0.1.0"

[[package]]
name = "n-primes-rust"
version = "0.1.0"

[[package]]
name = "smallest-multiple"
version = "0.1.0"

[[package]]
name = "sum-of-multiples-3-5"
version = "0.1.0"

[[package]]
name = "sum-square-difference"
version = "0.1.0"
